{
  "name": "G2-API-Cookbook-AC",
  "lockfileVersion": 2,
  "requires": true,
  "packages": {
    "": {
      "dependencies": {
        "static-json": "^0.0.13"
      }
    },
    "node_modules/static-json": {
      "version": "0.0.13",
      "resolved": "https://registry.npmjs.org/static-json/-/static-json-0.0.13.tgz",
      "integrity": "sha512-XGbKvKQfxL/bgoedGkdprWuaPN+KfVCEbQ1Ac3dTqf3HDHLJmWW96YJOna1adlg4MNO3Y7A5gImrLK9kOnuhiA==",
      "engines": {
        "node": ">=0.6"
      }
    }
  },
  "dependencies": {
    "static-json": {
      "version": "0.0.13",
      "resolved": "https://registry.npmjs.org/static-json/-/static-json-0.0.13.tgz",
      "integrity": "sha512-XGbKvKQfxL/bgoedGkdprWuaPN+KfVCEbQ1Ac3dTqf3HDHLJmWW96YJOna1adlg4MNO3Y7A5gImrLK9kOnuhiA=="
    }
  }
}
